
Microsoft Visual Studio Solution File, Format Version 12.00
# Visual Studio Version 16
VisualStudioVersion = 16.0.33130.400
MinimumVisualStudioVersion = 10.0.40219.1
Project("{FAE04EC0-301F-11D3-BF4B-00C04F79EFBC}") = "StudentRegInternPj", "StudentRegInternPj\StudentRegInternPj.csproj", "{F4A4E6D9-6A64-4300-82BF-AF1932120A2F}"
EndProject
Global
	GlobalSection(SolutionConfigurationPlatforms) = preSolution
		Debug|Any CPU = Debug|Any CPU
		Release|Any CPU = Release|Any CPU
	EndGlobalSection
	GlobalSection(ProjectConfigurationPlatforms) = postSolution
		{F4A4E6D9-6A64-4300-82BF-AF1932120A2F}.Debug|Any CPU.ActiveCfg = Debug|Any CPU
		{F4A4E6D9-6A64-4300-82BF-AF1932120A2F}.Debug|Any CPU.Build.0 = Debug|Any CPU
		{F4A4E6D9-6A64-4300-82BF-AF1932120A2F}.Release|Any CPU.ActiveCfg = Release|Any CPU
		{F4A4E6D9-6A64-4300-82BF-AF1932120A2F}.Release|Any CPU.Build.0 = Release|Any CPU
	EndGlobalSection
	GlobalSection(SolutionProperties) = preSolution
		HideSolutionNode = FALSE
	EndGlobalSection
	GlobalSection(ExtensibilityGlobals) = postSolution
		SolutionGuid = {6B6BE6E1-0835-49B1-BD09-D003F4489588}
	EndGlobalSection
EndGlobal
